<Solution>
  <Folder Name="/src/">
    <Project Path="src/ReadyToGoTravel.Api/ReadyToGoTravel.Api.csproj" />
    <Project Path="src/ReadyToGoTravel.BuildingBlocks/ReadyToGoTravel.BuildingBlocks.csproj" />
    <Project Path="src/ReadyToGoTravel.Consumer/ReadyToGoTravel.Consumer.csproj" />
    <Project Path="src/ReadyToGoTravel.FlightReconciliation.Worker/ReadyToGoTravel.FlightReconciliation.Worker.csproj" />
    <Project Path="src/ReadyToGoTravel.Web/ReadyToGoTravel.Web.csproj" />
    <Project Path="src/ReadyToGoTravel.Worker/ReadyToGoTravel.Worker.csproj" />
  </Folder>
  <Folder Name="/tests/">
    <Project Path="tests/ReadyToGoTravel.Api.Tests/ReadyToGoTravel.Api.Tests.csproj" />
    <Project Path="tests/ReadyToGoTravel.Architecture.Tests/ReadyToGoTravel.Architecture.Tests.csproj" />
    <Project Path="tests/ReadyToGoTravel.BuildingBlocks.Tests/ReadyToGoTravel.BuildingBlocks.Tests.csproj" />
    <Project Path="tests/ReadyToGoTravel.Consumer.Tests/ReadyToGoTravel.Consumer.Tests.csproj" />
    <Project Path="tests/ReadyToGoTravel.Web.Tests/ReadyToGoTravel.Web.Tests.csproj" />
  </Folder>
</Solution>
